<?xml version="1.0" encoding="utf-8"?>
<Project ToolsVersion="4.0" xmlns="http://schemas.microsoft.com/developer/msbuild/2003">
  <ItemGroup>
    <Filter Include="Source Files">
      <UniqueIdentifier>{4FC737F1-C7A5-4376-A066-2A32D752A2FF}</UniqueIdentifier>
      <Extensions>cpp;c;cc;cxx;c++;cppm;ixx;def;odl;idl;hpj;bat;asm;asmx</Extensions>
    </Filter>
    <Filter Include="Header Files">
      <UniqueIdentifier>{93995380-89BD-4b04-88EB-625FBE52EBFB}</UniqueIdentifier>
      <Extensions>h;hh;hpp;hxx;h++;hm;inl;inc;ipp;xsd</Extensions>
    </Filter>
    <Filter Include="Resource Files">
      <UniqueIdentifier>{67DA6AB6-F800-4c08-8B7A-83BB121AAD01}</UniqueIdentifier>
      <Extensions>rc;ico;cur;bmp;dlg;rc2;rct;bin;rgs;gif;jpg;jpeg;jpe;resx;tiff;tif;png;wav;mfcribbon-ms</Extensions>
    </Filter>
  </ItemGroup>
  <ItemGroup>
    <ClInclude Include="src\common.h">
      <Filter>Header Files</Filter>
    </ClInclude>
    <ClInclude Include="src\config\args.h">
      <Filter>Header Files</Filter>
    </ClInclude>
    <ClInclude Include="src\config\config.h">
      <Filter>Header Files</Filter>
    </ClInclude>
    <ClInclude Include="src\contrib\microjson\mjson.h">
      <Filter>Header Files</Filter>
    </ClInclude>
    <ClInclude Include="src\contrib\miniz\miniz.h">
      <Filter>Header Files</Filter>
    </ClInclude>
    <ClInclude Include="src\file\fileset.h">
      <Filter>Header Files</Filter>
    </ClInclude>
    <ClInclude Include="src\file\gz.h">
      <Filter>Header Files</Filter>
    </ClInclude>
    <ClInclude Include="src\file\whole_file.h">
      <Filter>Header Files</Filter>
    </ClInclude>
    <ClInclude Include="src\os\fs.h">
      <Filter>Header Files</Filter>
    </ClInclude>
    <ClInclude Include="src\os\os.h">
      <Filter>Header Files</Filter>
    </ClInclude>
    <ClInclude Include="src\os\window.h">
      <Filter>Header Files</Filter>
    </ClInclude>
    <ClInclude Include="src\service\orchestrator.h">
      <Filter>Header Files</Filter>
    </ClInclude>
    <ClInclude Include="src\services\parrot\parrot.h">
      <Filter>Header Files</Filter>
    </ClInclude>
    <ClInclude Include="src\util\error.h">
      <Filter>Header Files</Filter>
    </ClInclude>
    <ClInclude Include="src\util\logs.h">
      <Filter>Header Files</Filter>
    </ClInclude>
    <ClInclude Include="src\server\tcp_server.h">
      <Filter>Header Files</Filter>
    </ClInclude>
    <ClInclude Include="src\server\poller\poller.h">
      <Filter>Header Files</Filter>
    </ClInclude>
  </ItemGroup>
  <ItemGroup>
    <ClCompile Include="src\main.c">
      <Filter>Source Files</Filter>
    </ClCompile>
    <ClCompile Include="src\config\args.c">
      <Filter>Source Files</Filter>
    </ClCompile>
    <ClCompile Include="src\config\config.c">
      <Filter>Source Files</Filter>
    </ClCompile>
    <ClCompile Include="src\contrib\microjson\mjson.c">
      <Filter>Source Files</Filter>
    </ClCompile>
    <ClCompile Include="src\contrib\miniz\miniz.c">
      <Filter>Source Files</Filter>
    </ClCompile>
    <ClCompile Include="src\file\fileset.c">
      <Filter>Source Files</Filter>
    </ClCompile>
    <ClCompile Include="src\file\gz.c">
      <Filter>Source Files</Filter>
    </ClCompile>
    <ClCompile Include="src\file\whole_file.c">
      <Filter>Source Files</Filter>
    </ClCompile>
    <ClCompile Include="src\os\win32\fs.c">
      <Filter>Source Files</Filter>
    </ClCompile>
    <ClCompile Include="src\os\win32\os.c">
      <Filter>Source Files</Filter>
    </ClCompile>
    <ClCompile Include="src\os\win32\window.c">
      <Filter>Source Files</Filter>
    </ClCompile>
    <ClCompile Include="src\service\orchestrator.c">
      <Filter>Source Files</Filter>
    </ClCompile>
    <ClCompile Include="src\services\parrot\parrot.c">
      <Filter>Source Files</Filter>
    </ClCompile>
    <ClCompile Include="src\util\error.c">
      <Filter>Source Files</Filter>
    </ClCompile>
    <ClCompile Include="src\util\logs.c">
      <Filter>Source Files</Filter>
    </ClCompile>
    <ClCompile Include="src\server\tcp_server.c">
      <Filter>Source Files</Filter>
    </ClCompile>
    <ClCompile Include="src\server\poller\poller_win32.c">
      <Filter>Source Files</Filter>
    </ClCompile>
  </ItemGroup>
  <ItemGroup>
    <None Include="src\os\win32\init.gen.inc">
      <Filter>Header Files</Filter>
    </None>
  </ItemGroup>
</Project>